
Microsoft Visual Studio Solution File, Format Version 12.00
# Visual Studio Version 17
VisualStudioVersion = 17.11.35303.130
MinimumVisualStudioVersion = 10.0.40219.1
Project("{FAE04EC0-301F-11D3-BF4B-00C04F79EFBC}") = "CalculadoraTechClass", "CalculadoraTechClass\CalculadoraTechClass.csproj", "{2C301C39-A4BC-4818-8175-3D489208BEB7}"
EndProject
Global
	GlobalSection(SolutionConfigurationPlatforms) = preSolution
		Debug|Any CPU = Debug|Any CPU
		Release|Any CPU = Release|Any CPU
	EndGlobalSection
	GlobalSection(ProjectConfigurationPlatforms) = postSolution
		{2C301C39-A4BC-4818-8175-3D489208BEB7}.Debug|Any CPU.ActiveCfg = Debug|Any CPU
		{2C301C39-A4BC-4818-8175-3D489208BEB7}.Debug|Any CPU.Build.0 = Debug|Any CPU
		{2C301C39-A4BC-4818-8175-3D489208BEB7}.Release|Any CPU.ActiveCfg = Release|Any CPU
		{2C301C39-A4BC-4818-8175-3D489208BEB7}.Release|Any CPU.Build.0 = Release|Any CPU
	EndGlobalSection
	GlobalSection(SolutionProperties) = preSolution
		HideSolutionNode = FALSE
	EndGlobalSection
	GlobalSection(ExtensibilityGlobals) = postSolution
		SolutionGuid = {D22482B2-1504-49C1-ABC9-9F382341F773}
	EndGlobalSection
EndGlobal
